{
  "nodes": {
    "catppuccin": {
      "inputs": {
        "nixpkgs": "nixpkgs"
      },
      "locked": {
        "lastModified": 1769164550,
        "narHash": "sha256-AxLb3L4j148v4Cj6ju5E9wsVdcHULuoI8il7+H5t6cs=",
        "owner": "catppuccin",
        "repo": "nix",
        "rev": "deb2a5a54cf9e05ddf60aeeb933f60ad2fac20e1",
        "type": "github"
      },
      "original": {
        "owner": "catppuccin",
        "repo": "nix",
        "type": "github"
      }
    },
    "crane": {
      "locked": {
        "lastModified": 1762189950,
        "narHash": "sha256-aotggLUXjlDGqKWibGPQcMZJGgdr79S21ISrv1Wz6RI=",
        "owner": "ipetkov",
        "repo": "crane",
        "rev": "50700219af884287ad7c85507e2f163b23a027a9",
        "type": "github"
      },
      "original": {
        "owner": "ipetkov",
        "repo": "crane",
        "type": "github"
      }
    },
    "disko": {
      "inputs": {
        "nixpkgs": [
          "nixpkgs"
        ]
      },
      "locked": {
        "lastModified": 1768920986,
        "narHash": "sha256-CNzzBsRhq7gg4BMBuTDObiWDH/rFYHEuDRVOwCcwXw4=",
        "owner": "nix-community",
        "repo": "disko",
        "rev": "de5708739256238fb912c62f03988815db89ec9a",
        "type": "github"
      },
      "original": {
        "owner": "nix-community",
        "ref": "latest",
        "repo": "disko",
        "type": "github"
      }
    },
    "flake-compat": {
      "locked": {
        "lastModified": 1733328505,
        "narHash": "sha256-NeCCThCEP3eCl2l/+27kNNK7QrwZB1IJCrXfrbv5oqU=",
        "rev": "ff81ac966bb2cae68946d5ed5fc4994f96d0ffec",
        "revCount": 69,
        "type": "tarball",
        "url": "https://api.flakehub.com/f/pinned/edolstra/flake-compat/1.1.0/01948eb7-9cba-704f-bbf3-3fa956735b52/source.tar.gz"
      },
      "original": {
        "type": "tarball",
        "url": "https://flakehub.com/f/edolstra/flake-compat/1.tar.gz"
      }
    },
    "flake-compat_2": {
      "flake": false,
      "locked": {
        "lastModified": 1751685974,
        "narHash": "sha256-NKw96t+BgHIYzHUjkTK95FqYRVKB8DHpVhefWSz/kTw=",
        "ref": "refs/heads/main",
        "rev": "549f2762aebeff29a2e5ece7a7dc0f955281a1d1",
        "revCount": 92,
        "type": "git",
        "url": "https://git.lix.systems/lix-project/flake-compat.git"
      },
      "original": {
        "type": "git",
        "url": "https://git.lix.systems/lix-project/flake-compat.git"
      }
    },
    "flake-compat_3": {
      "flake": false,
      "locked": {
        "lastModified": 1767039857,
        "narHash": "sha256-vNpUSpF5Nuw8xvDLj2KCwwksIbjua2LZCqhV1LNRDns=",
        "owner": "edolstra",
        "repo": "flake-compat",
        "rev": "5edf11c44bc78a0d334f6334cdaf7d60d732daab",
        "type": "github"
      },
      "original": {
        "owner": "edolstra",
        "repo": "flake-compat",
        "type": "github"
      }
    },
    "flake-parts": {
      "inputs": {
        "nixpkgs-lib": "nixpkgs-lib"
      },
      "locked": {
        "lastModified": 1768135262,
        "narHash": "sha256-PVvu7OqHBGWN16zSi6tEmPwwHQ4rLPU9Plvs8/1TUBY=",
        "owner": "hercules-ci",
        "repo": "flake-parts",
        "rev": "80daad04eddbbf5a4d883996a73f3f542fa437ac",
        "type": "github"
      },
      "original": {
        "owner": "hercules-ci",
        "repo": "flake-parts",
        "type": "github"
      }
    },
    "flake-parts_2": {
      "inputs": {
        "nixpkgs-lib": [
          "nvf",
          "nixpkgs"
        ]
      },
      "locked": {
        "lastModified": 1768135262,
        "narHash": "sha256-PVvu7OqHBGWN16zSi6tEmPwwHQ4rLPU9Plvs8/1TUBY=",
        "owner": "hercules-ci",
        "repo": "flake-parts",
        "rev": "80daad04eddbbf5a4d883996a73f3f542fa437ac",
        "type": "github"
      },
      "original": {
        "owner": "hercules-ci",
        "repo": "flake-parts",
        "type": "github"
      }
    },
    "flake-parts_3": {
      "inputs": {
        "nixpkgs-lib": [
          "schizofox",
          "nixpkgs"
        ]
      },
      "locked": {
        "lastModified": 1765835352,
        "narHash": "sha256-XswHlK/Qtjasvhd1nOa1e8MgZ8GS//jBoTqWtrS1Giw=",
        "owner": "hercules-ci",
        "repo": "flake-parts",
        "rev": "a34fae9c08a15ad73f295041fec82323541400a9",
        "type": "github"
      },
      "original": {
        "owner": "hercules-ci",
        "repo": "flake-parts",
        "type": "github"
      }
    },
    "hercules-ci-effects": {
      "inputs": {
        "flake-parts": [
          "schizofox",
          "nixpak",
          "flake-parts"
        ],
        "nixpkgs": [
          "schizofox",
          "nixpak",
          "nixpkgs"
        ]
      },
      "locked": {
        "lastModified": 1765774562,
        "narHash": "sha256-UQhfCggNGDc7eam+EittlYmeW89CZVT1KkFIHZWBH7k=",
        "owner": "hercules-ci",
        "repo": "hercules-ci-effects",
        "rev": "edcbb19948b6caf1700434e369fde6ff9e6a3c93",
        "type": "github"
      },
      "original": {
        "owner": "hercules-ci",
        "repo": "hercules-ci-effects",
        "type": "github"
      }
    },
    "home-manager": {
      "inputs": {
        "nixpkgs": [
          "nixpkgs"
        ]
      },
      "locked": {
        "lastModified": 1769289524,
        "narHash": "sha256-6Cwtvzrw79cOk1lCzN2aKSVrpgSOSQoYhyMmhXXZjTA=",
        "owner": "nix-community",
        "repo": "home-manager",
        "rev": "2539eba97a6df237d75617c25cd2dbef92df3d5b",
        "type": "github"
      },
      "original": {
        "owner": "nix-community",
        "repo": "home-manager",
        "type": "github"
      }
    },
    "home-manager_2": {
      "inputs": {
        "nixpkgs": [
          "schizofox",
          "nixpkgs"
        ]
      },
      "locked": {
        "lastModified": 1767104570,
        "narHash": "sha256-GKgwu5//R+cLdKysZjGqvUEEOGXXLdt93sNXeb2M/Lk=",
        "owner": "nix-community",
        "repo": "home-manager",
        "rev": "e4e78a2cbeaddd07ab7238971b16468cc1d14daf",
        "type": "github"
      },
      "original": {
        "owner": "nix-community",
        "repo": "home-manager",
        "type": "github"
      }
    },
    "kotlin-nvim": {
      "flake": false,
      "locked": {
        "lastModified": 1768913982,
        "narHash": "sha256-/9woAMFFxD9P8zudx7rACcma5Z/eLBVcc/rs5qMqZp0=",
        "owner": "AlexandrosAlexiou",
        "repo": "kotlin.nvim",
        "rev": "057957c7c91bbae726b5b432296ee09161e9ff98",
        "type": "github"
      },
      "original": {
        "owner": "AlexandrosAlexiou",
        "repo": "kotlin.nvim",
        "type": "github"
      }
    },
    "mnw": {
      "locked": {
        "lastModified": 1768701608,
        "narHash": "sha256-kSvWF3Xt2HW9hmV5V7i8PqeWJIBUKmuKoHhOgj3Znzs=",
        "owner": "Gerg-L",
        "repo": "mnw",
        "rev": "20d63a8a1ae400557c770052a46a9840e768926b",
        "type": "github"
      },
      "original": {
        "owner": "Gerg-L",
        "repo": "mnw",
        "type": "github"
      }
    },
    "ndg": {
      "inputs": {
        "nixpkgs": [
          "nvf",
          "nixpkgs"
        ]
      },
      "locked": {
        "lastModified": 1768214250,
        "narHash": "sha256-hnBZDQWUxJV3KbtvyGW5BKLO/fAwydrxm5WHCWMQTbw=",
        "owner": "feel-co",
        "repo": "ndg",
        "rev": "a6bd3c1ce2668d096e4fdaaa03ad7f03ba1fbca8",
        "type": "github"
      },
      "original": {
        "owner": "feel-co",
        "ref": "refs/tags/v2.6.0",
        "repo": "ndg",
        "type": "github"
      }
    },
    "nixcord": {
      "inputs": {
        "flake-compat": "flake-compat",
        "flake-parts": "flake-parts",
        "nixpkgs": [
          "nixpkgs"
        ]
      },
      "locked": {
        "lastModified": 1769284737,
        "narHash": "sha256-FN6sOLBVidcmlKN+hrVuBjK/DjLCuM3qTmsRwuTYDmk=",
        "owner": "kaylorben",
        "repo": "nixcord",
        "rev": "672b0dfb216b52b6bc892d08f4f7dccd39676db8",
        "type": "github"
      },
      "original": {
        "owner": "kaylorben",
        "repo": "nixcord",
        "type": "github"
      }
    },
    "nixpak": {
      "inputs": {
        "flake-parts": [
          "schizofox",
          "flake-parts"
        ],
        "hercules-ci-effects": "hercules-ci-effects",
        "nixpkgs": [
          "schizofox",
          "nixpkgs"
        ]
      },
      "locked": {
        "lastModified": 1767234689,
        "narHash": "sha256-b44HZf+3NbRvxH3rXtjLNTW3ojAXn172iygCcJr6NhA=",
        "owner": "nixpak",
        "repo": "nixpak",
        "rev": "ff179ec0158164037ee9036f93c081de6a8bf949",
        "type": "github"
      },
      "original": {
        "owner": "nixpak",
        "repo": "nixpak",
        "type": "github"
      }
    },
    "nixpkgs": {
      "locked": {
        "lastModified": 1769018530,
        "narHash": "sha256-MJ27Cy2NtBEV5tsK+YraYr2g851f3Fl1LpNHDzDX15c=",
        "owner": "NixOS",
        "repo": "nixpkgs",
        "rev": "88d3861acdd3d2f0e361767018218e51810df8a1",
        "type": "github"
      },
      "original": {
        "owner": "NixOS",
        "ref": "nixos-unstable",
        "repo": "nixpkgs",
        "type": "github"
      }
    },
    "nixpkgs-kotlin-lsp": {
      "locked": {
        "lastModified": 1768469184,
        "narHash": "sha256-kPIiM9NYE1Xi1OFB0vNwBk27FDE0B73q6wox5jaZjnI=",
        "owner": "p-louis",
        "repo": "nixpkgs",
        "rev": "8713d58358e2bf1d5b773ae64565436f74cad136",
        "type": "github"
      },
      "original": {
        "owner": "p-louis",
        "ref": "add-kotlin-lsp-package",
        "repo": "nixpkgs",
        "type": "github"
      }
    },
    "nixpkgs-lib": {
      "locked": {
        "lastModified": 1765674936,
        "narHash": "sha256-k00uTP4JNfmejrCLJOwdObYC9jHRrr/5M/a/8L2EIdo=",
        "owner": "nix-community",
        "repo": "nixpkgs.lib",
        "rev": "2075416fcb47225d9b68ac469a5c4801a9c4dd85",
        "type": "github"
      },
      "original": {
        "owner": "nix-community",
        "repo": "nixpkgs.lib",
        "type": "github"
      }
    },
    "nixpkgs_2": {
      "locked": {
        "lastModified": 1769170682,
        "narHash": "sha256-oMmN1lVQU0F0W2k6OI3bgdzp2YOHWYUAw79qzDSjenU=",
        "owner": "nixos",
        "repo": "nixpkgs",
        "rev": "c5296fdd05cfa2c187990dd909864da9658df755",
        "type": "github"
      },
      "original": {
        "owner": "nixos",
        "ref": "nixos-unstable",
        "repo": "nixpkgs",
        "type": "github"
      }
    },
    "nixpkgs_3": {
      "locked": {
        "lastModified": 1768875095,
        "narHash": "sha256-dYP3DjiL7oIiiq3H65tGIXXIT1Waiadmv93JS0sS+8A=",
        "owner": "nixos",
        "repo": "nixpkgs",
        "rev": "ed142ab1b3a092c4d149245d0c4126a5d7ea00b0",
        "type": "github"
      },
      "original": {
        "owner": "nixos",
        "ref": "nixpkgs-unstable",
        "repo": "nixpkgs",
        "type": "github"
      }
    },
    "nixpkgs_4": {
      "locked": {
        "lastModified": 1767227401,
        "narHash": "sha256-hLsBkzavn9t6VjOhc9HNP0+Z9HKMaTrRg6YgS73R3dY=",
        "owner": "NixOS",
        "repo": "nixpkgs",
        "rev": "d6f739416f7151cd4a5c79443b5500e984341774",
        "type": "github"
      },
      "original": {
        "owner": "NixOS",
        "ref": "nixos-unstable-small",
        "repo": "nixpkgs",
        "type": "github"
      }
    },
    "nixpkgs_5": {
      "locked": {
        "lastModified": 1769268028,
        "narHash": "sha256-mAdJpV0e5IGZjnE4f/8uf0E4hQR7ptRP00gnZKUOdMo=",
        "owner": "NixOS",
        "repo": "nixpkgs",
        "rev": "ab9fbbcf4858bd6d40ba2bbec37ceb4ab6e1f562",
        "type": "github"
      },
      "original": {
        "owner": "NixOS",
        "ref": "nixpkgs-unstable",
        "repo": "nixpkgs",
        "type": "github"
      }
    },
    "nvf": {
      "inputs": {
        "flake-compat": "flake-compat_2",
        "flake-parts": "flake-parts_2",
        "mnw": "mnw",
        "ndg": "ndg",
        "nixpkgs": "nixpkgs_3",
        "systems": "systems"
      },
      "locked": {
        "lastModified": 1769247611,
        "narHash": "sha256-T7icKolKxPtEauIQJAKY+zwjhfau94Rhnk+GfDCve+U=",
        "owner": "NotAShelf",
        "repo": "nvf",
        "rev": "cf066ec6812af32ad229b0d2ab3228182f8b0a14",
        "type": "github"
      },
      "original": {
        "owner": "NotAShelf",
        "repo": "nvf",
        "type": "github"
      }
    },
    "root": {
      "inputs": {
        "catppuccin": "catppuccin",
        "disko": "disko",
        "home-manager": "home-manager",
        "kotlin-nvim": "kotlin-nvim",
        "nixcord": "nixcord",
        "nixpkgs": "nixpkgs_2",
        "nixpkgs-kotlin-lsp": "nixpkgs-kotlin-lsp",
        "nvf": "nvf",
        "schizofox": "schizofox",
        "sops-nix": "sops-nix",
        "spicetify-nix": "spicetify-nix",
        "wallpkgs": "wallpkgs"
      }
    },
    "schizofox": {
      "inputs": {
        "flake-compat": "flake-compat_3",
        "flake-parts": "flake-parts_3",
        "home-manager": "home-manager_2",
        "nixpak": "nixpak",
        "nixpkgs": "nixpkgs_4",
        "searx-randomizer": "searx-randomizer",
        "systems": "systems_2"
      },
      "locked": {
        "lastModified": 1767296010,
        "narHash": "sha256-m5BFPDK7SQ6Q5hvt5oJEdvGNLb5mHvRibWXsUrGfeeU=",
        "owner": "schizofox",
        "repo": "schizofox",
        "rev": "291047c0eb190f3689c76cc5776ce1437901bfe9",
        "type": "github"
      },
      "original": {
        "owner": "schizofox",
        "repo": "schizofox",
        "type": "github"
      }
    },
    "searx-randomizer": {
      "inputs": {
        "crane": "crane",
        "nixpkgs": [
          "schizofox",
          "nixpkgs"
        ]
      },
      "locked": {
        "lastModified": 1762277104,
        "narHash": "sha256-7hAdU+YiphWsXNs5r6CKQ+YVJaBBE1nBFgr3pTummDQ=",
        "owner": "schizofox",
        "repo": "searx-randomizer",
        "rev": "73a690ec270fe5e200abd051c7f142d6e0c1a404",
        "type": "github"
      },
      "original": {
        "owner": "schizofox",
        "repo": "searx-randomizer",
        "type": "github"
      }
    },
    "sops-nix": {
      "inputs": {
        "nixpkgs": "nixpkgs_5"
      },
      "locked": {
        "lastModified": 1769314333,
        "narHash": "sha256-+Uvq9h2eGsbhacXpuS7irYO7fFlz514nrhPCSTkASlw=",
        "owner": "Mic92",
        "repo": "sops-nix",
        "rev": "2eb9eed7ef48908e0f02985919f7eb9d33fa758f",
        "type": "github"
      },
      "original": {
        "owner": "Mic92",
        "repo": "sops-nix",
        "type": "github"
      }
    },
    "spicetify-nix": {
      "inputs": {
        "nixpkgs": [
          "nixpkgs"
        ],
        "systems": "systems_3"
      },
      "locked": {
        "lastModified": 1769316930,
        "narHash": "sha256-4EOGHYLpIscwr+6drHE28Qj7NDjjowp2Vd8QkXjdBBE=",
        "owner": "gerg-l",
        "repo": "spicetify-nix",
        "rev": "b2ce438f386943ef611e196a178af2d79042903b",
        "type": "github"
      },
      "original": {
        "owner": "gerg-l",
        "repo": "spicetify-nix",
        "type": "github"
      }
    },
    "systems": {
      "locked": {
        "lastModified": 1681028828,
        "narHash": "sha256-Vy1rq5AaRuLzOxct8nz4T6wlgyUR7zLU309k9mBC768=",
        "owner": "nix-systems",
        "repo": "default",
        "rev": "da67096a3b9bf56a91d16901293e51ba5b49a27e",
        "type": "github"
      },
      "original": {
        "owner": "nix-systems",
        "repo": "default",
        "type": "github"
      }
    },
    "systems_2": {
      "locked": {
        "lastModified": 1689347949,
        "narHash": "sha256-12tWmuL2zgBgZkdoB6qXZsgJEH9LR3oUgpaQq2RbI80=",
        "owner": "nix-systems",
        "repo": "default-linux",
        "rev": "31732fcf5e8fea42e59c2488ad31a0e651500f68",
        "type": "github"
      },
      "original": {
        "owner": "nix-systems",
        "repo": "default-linux",
        "type": "github"
      }
    },
    "systems_3": {
      "locked": {
        "lastModified": 1681028828,
        "narHash": "sha256-Vy1rq5AaRuLzOxct8nz4T6wlgyUR7zLU309k9mBC768=",
        "owner": "nix-systems",
        "repo": "default",
        "rev": "da67096a3b9bf56a91d16901293e51ba5b49a27e",
        "type": "github"
      },
      "original": {
        "owner": "nix-systems",
        "repo": "default",
        "type": "github"
      }
    },
    "wallpkgs": {
      "locked": {
        "lastModified": 1742389992,
        "narHash": "sha256-qgzpp5/oanA2dbiePVk7C0bK1Gm7hbHCB8R721xU2n0=",
        "owner": "NotAShelf",
        "repo": "wallpkgs",
        "rev": "28c5d1b7d27e067888fe5db6485ef5d0acfb5140",
        "type": "github"
      },
      "original": {
        "owner": "NotAShelf",
        "repo": "wallpkgs",
        "type": "github"
      }
    }
  },
  "root": "root",
  "version": 7
}
